
Microsoft Visual Studio Solution File, Format Version 12.00
# Visual Studio Version 17
VisualStudioVersion = 17.13.35931.197 d17.13
MinimumVisualStudioVersion = 10.0.40219.1
Project("{FAE04EC0-301F-11D3-BF4B-00C04F79EFBC}") = "CredidSystem", "CredidSystem\CredidSystem.csproj", "{A6FD11B4-4501-4ACC-A3EC-269D0F039B88}"
EndProject
Global
	GlobalSection(SolutionConfigurationPlatforms) = preSolution
		Debug|Any CPU = Debug|Any CPU
		Release|Any CPU = Release|Any CPU
	EndGlobalSection
	GlobalSection(ProjectConfigurationPlatforms) = postSolution
		{A6FD11B4-4501-4ACC-A3EC-269D0F039B88}.Debug|Any CPU.ActiveCfg = Debug|Any CPU
		{A6FD11B4-4501-4ACC-A3EC-269D0F039B88}.Debug|Any CPU.Build.0 = Debug|Any CPU
		{A6FD11B4-4501-4ACC-A3EC-269D0F039B88}.Release|Any CPU.ActiveCfg = Release|Any CPU
		{A6FD11B4-4501-4ACC-A3EC-269D0F039B88}.Release|Any CPU.Build.0 = Release|Any CPU
	EndGlobalSection
	GlobalSection(SolutionProperties) = preSolution
		HideSolutionNode = FALSE
	EndGlobalSection
	GlobalSection(ExtensibilityGlobals) = postSolution
		SolutionGuid = {5D3C1D03-818D-4E62-9913-7B11E0671ED8}
	EndGlobalSection
EndGlobal
